
Microsoft Visual Studio Solution File, Format Version 12.00
# Visual Studio 15
VisualStudioVersion = 15.0.28307.1401
MinimumVisualStudioVersion = 10.0.40219.1
Project("{FAE04EC0-301F-11D3-BF4B-00C04F79EFBC}") = "pdfpasswordprotect_demo", "pdfpasswordprotect_demo\pdfpasswordprotect_demo.csproj", "{E451FB61-A545-4A8C-A36C-A38B06AB966B}"
EndProject
Global
	GlobalSection(SolutionConfigurationPlatforms) = preSolution
		Debug|Any CPU = Debug|Any CPU
		Release|Any CPU = Release|Any CPU
	EndGlobalSection
	GlobalSection(ProjectConfigurationPlatforms) = postSolution
		{E451FB61-A545-4A8C-A36C-A38B06AB966B}.Debug|Any CPU.ActiveCfg = Debug|Any CPU
		{E451FB61-A545-4A8C-A36C-A38B06AB966B}.Debug|Any CPU.Build.0 = Debug|Any CPU
		{E451FB61-A545-4A8C-A36C-A38B06AB966B}.Release|Any CPU.ActiveCfg = Release|Any CPU
		{E451FB61-A545-4A8C-A36C-A38B06AB966B}.Release|Any CPU.Build.0 = Release|Any CPU
	EndGlobalSection
	GlobalSection(SolutionProperties) = preSolution
		HideSolutionNode = FALSE
	EndGlobalSection
	GlobalSection(ExtensibilityGlobals) = postSolution
		SolutionGuid = {D904EBA9-5105-47ED-8D72-6C5B06D26C86}
	EndGlobalSection
EndGlobal
